
Microsoft Visual Studio Solution File, Format Version 12.00
# Visual Studio 15
VisualStudioVersion = 15.0.28307.438
MinimumVisualStudioVersion = 10.0.40219.1
Project("{FAE04EC0-301F-11D3-BF4B-00C04F79EFBC}") = "SportsStore", "SportsStore\SportsStore.csproj", "{45A18535-077A-49A0-BBFF-4F3E793C37E1}"
EndProject
Project("{FAE04EC0-301F-11D3-BF4B-00C04F79EFBC}") = "SportsStore.Tests", "SportsStore.Tests\SportsStore.Tests.csproj", "{34306273-76B9-45BB-B4B5-CB7538CFD2DB}"
EndProject
Global
	GlobalSection(SolutionConfigurationPlatforms) = preSolution
		Debug|Any CPU = Debug|Any CPU
		Release|Any CPU = Release|Any CPU
	EndGlobalSection
	GlobalSection(ProjectConfigurationPlatforms) = postSolution
		{45A18535-077A-49A0-BBFF-4F3E793C37E1}.Debug|Any CPU.ActiveCfg = Debug|Any CPU
		{45A18535-077A-49A0-BBFF-4F3E793C37E1}.Debug|Any CPU.Build.0 = Debug|Any CPU
		{45A18535-077A-49A0-BBFF-4F3E793C37E1}.Release|Any CPU.ActiveCfg = Release|Any CPU
		{45A18535-077A-49A0-BBFF-4F3E793C37E1}.Release|Any CPU.Build.0 = Release|Any CPU
		{34306273-76B9-45BB-B4B5-CB7538CFD2DB}.Debug|Any CPU.ActiveCfg = Debug|Any CPU
		{34306273-76B9-45BB-B4B5-CB7538CFD2DB}.Debug|Any CPU.Build.0 = Debug|Any CPU
		{34306273-76B9-45BB-B4B5-CB7538CFD2DB}.Release|Any CPU.ActiveCfg = Release|Any CPU
		{34306273-76B9-45BB-B4B5-CB7538CFD2DB}.Release|Any CPU.Build.0 = Release|Any CPU
	EndGlobalSection
	GlobalSection(SolutionProperties) = preSolution
		HideSolutionNode = FALSE
	EndGlobalSection
	GlobalSection(ExtensibilityGlobals) = postSolution
		SolutionGuid = {F49D8A99-067E-4350-B561-C088D008D0F6}
	EndGlobalSection
EndGlobal
